# THIS IS AN AUTOGENERATED FILE. DO NOT EDIT THIS FILE DIRECTLY.
# yarn lockfile v1


"@openzeppelin/contracts@^4.9.3":
  version "4.9.3"
  resolved "https://registry.npmjs.org/@openzeppelin/contracts/-/contracts-4.9.3.tgz"
  integrity sha512-He3LieZ1pP2TNt5JbkPA4PNT9WC3gOTOlDcFGJW4Le4QKqwmiNJCRt44APfxMxvq7OugU/cqYuPcSBzOw38DAg==

base64-sol@^1.0.1:
  version "1.0.1"
  resolved "https://registry.npmjs.org/base64-sol/-/base64-sol-1.0.1.tgz"
  integrity sha512-ld3cCNMeXt4uJXmLZBHFGMvVpK9KsLVEhPpFRXnvSVAqABKbuNZg/+dsq3NuM+wxFLb/UrVkz7m1ciWmkMfTbg==
